# This file is automatically @generated by Cargo.
# It is not intended for manual editing.
version = 3

[[package]]
name = "acore-bytes"
version = "0.1.0"

[[package]]
name = "aho-corasick"
version = "0.6.10"
source = "registry+https://github.com/rust-lang/crates.io-index"
checksum = "81ce3d38065e618af2d7b77e10c5ad9a069859b4be3c2250f674af3840d9c8a5"
dependencies = [
 "memchr",
]

[[package]]
name = "aion-types"
version = "0.1.0"
dependencies = [
 "crunchy",
 "ethereum-types-serialize",
 "fixed-hash 0.1.3",
 "num-bigint",
 "rustc_version",
 "serde",
 "uint",
]

[[package]]
name = "ajson"
version = "0.1.0"
dependencies = [
 "aion-types",
 "ethbloom",
 "rustc-hex 1.0.0",
 "serde",
 "serde_derive",
 "serde_json",
]

[[package]]
name = "bincode"
version = "1.0.1"
source = "registry+https://github.com/rust-lang/crates.io-index"
checksum = "9f2fb9e29e72fd6bc12071533d5dc7664cb01480c59406f656d7ac25c7bd8ff7"
dependencies = [
 "byteorder",
 "serde",
]

[[package]]
name = "blake2b"
version = "0.1.0"
dependencies = [
 "aion-types",
]

[[package]]
name = "byteorder"
version = "1.2.4"
source = "registry+https://github.com/rust-lang/crates.io-index"
checksum = "8389c509ec62b9fe8eca58c502a0acaf017737355615243496cde4994f8fa4f9"

[[package]]
name = "cc"
version = "1.0.79"
source = "registry+https://github.com/rust-lang/crates.io-index"
checksum = "50d30906286121d95be3d479533b458f87493b30a4b5f79a607db8f5d11aa91f"

[[package]]
name = "cfg-if"
version = "1.0.0"
source = "registry+https://github.com/rust-lang/crates.io-index"
checksum = "baf1de4339761588bc0619e3cbc0120ee582ebb74b53b4efbf79117bd2da40fd"

[[package]]
name = "cmake"
version = "0.1.50"
source = "registry+https://github.com/rust-lang/crates.io-index"
checksum = "a31c789563b815f77f4250caee12365734369f942439b7defd71e18a48197130"
dependencies = [
 "cc",
]

[[package]]
name = "crunchy"
version = "0.1.6"
source = "registry+https://github.com/rust-lang/crates.io-index"
checksum = "a2f4a431c5c9f662e1200b7c7f02c34e91361150e382089a8f2dec3ba680cbda"

[[package]]
name = "db"
version = "0.0.1"
dependencies = [
 "aion-types",
 "blake2b",
 "elastic-array",
 "heapsize",
 "interleaved-ordered",
 "log 0.3.9",
 "multimap",
 "num_cpus",
 "parity-rocksdb",
 "parking_lot",
 "plain_hasher",
 "regex",
 "rlp",
]

[[package]]
name = "elastic-array"
version = "0.9.0"
source = "registry+https://github.com/rust-lang/crates.io-index"
checksum = "258ff6a9a94f648d0379dbd79110e057edbb53eb85cc237e33eadf8e5a30df85"
dependencies = [
 "heapsize",
]

[[package]]
name = "ethbloom"
version = "0.5.1"
dependencies = [
 "blake2b",
 "crunchy",
 "ethereum-types-serialize",
 "fixed-hash 0.2.5",
 "serde",
]

[[package]]
name = "ethereum-types-serialize"
version = "0.2.2"
source = "registry+https://github.com/rust-lang/crates.io-index"
checksum = "1873d77b32bc1891a79dad925f2acbc318ee942b38b9110f9dbc5fbeffcea350"
dependencies = [
 "serde",
]

[[package]]
name = "fastvm"
version = "0.2.0"
dependencies = [
 "aion-types",
 "bincode",
 "cmake",
 "libc",
 "log 0.3.9",
 "num-bigint",
 "patricia-trie",
 "rand",
 "rlp",
 "rustc-hex 2.1.0",
 "serde_derive",
 "serde_json",
 "time",
 "vm_common",
]

[[package]]
name = "fixed-hash"
version = "0.1.3"
source = "registry+https://github.com/rust-lang/crates.io-index"
checksum = "21c520ebc46522d519aec9cba2b7115d49cea707d771b772c46bec61aa0daeb8"
dependencies = [
 "heapsize",
 "libc",
 "rand",
 "rustc-hex 1.0.0",
]

[[package]]
name = "fixed-hash"
version = "0.2.5"
source = "registry+https://github.com/rust-lang/crates.io-index"
checksum = "7afe6ce860afb14422711595a7b26ada9ed7de2f43c0b2ab79d09ee196287273"
dependencies = [
 "heapsize",
 "libc",
 "rand",
 "rustc-hex 2.1.0",
]

[[package]]
name = "fuchsia-cprng"
version = "0.1.1"
source = "registry+https://github.com/rust-lang/crates.io-index"
checksum = "a06f77d526c1a601b7c4cdd98f54b5eaabffc14d5f2f0296febdc7f357c6d3ba"

[[package]]
name = "getopts"
version = "0.2.21"
source = "registry+https://github.com/rust-lang/crates.io-index"
checksum = "14dbbfd5c71d70241ecf9e6f13737f7b5ce823821063188d7e46c41d371eebd5"
dependencies = [
 "unicode-width",
]

[[package]]
name = "heapsize"
version = "0.4.2"
source = "registry+https://github.com/rust-lang/crates.io-index"
checksum = "1679e6ea370dee694f91f1dc469bf94cf8f52051d147aec3e1f9497c6fc22461"
dependencies = [
 "winapi 0.3.5",
]

[[package]]
name = "hermit-abi"
version = "0.2.6"
source = "registry+https://github.com/rust-lang/crates.io-index"
checksum = "ee512640fe35acbfb4bb779db6f0d80704c2cacfa2e39b601ef3e3f47d1ae4c7"
dependencies = [
 "libc",
]

[[package]]
name = "interleaved-ordered"
version = "0.1.1"
source = "registry+https://github.com/rust-lang/crates.io-index"
checksum = "141340095b15ed7491bd3d4ced9d20cebfb826174b6bb03386381f62b01e3d77"

[[package]]
name = "itoa"
version = "0.4.2"
source = "registry+https://github.com/rust-lang/crates.io-index"
checksum = "5adb58558dcd1d786b5f0bd15f3226ee23486e24b7b58304b60f64dc68e62606"

[[package]]
name = "kernel32-sys"
version = "0.2.2"
source = "registry+https://github.com/rust-lang/crates.io-index"
checksum = "7507624b29483431c0ba2d82aece8ca6cdba9382bff4ddd0f7490560c056098d"
dependencies = [
 "winapi 0.2.8",
 "winapi-build",
]

[[package]]
name = "lazy_static"
version = "1.4.0"
source = "registry+https://github.com/rust-lang/crates.io-index"
checksum = "e2abad23fbc42b3700f2f279844dc832adb2b2eb069b2df918f455c4e18cc646"

[[package]]
name = "libc"
version = "0.2.43"
source = "registry+https://github.com/rust-lang/crates.io-index"
checksum = "76e3a3ef172f1a0b9a9ff0dd1491ae5e6c948b94479a3021819ba7d860c8645d"

[[package]]
name = "local-encoding"
version = "0.2.0"
source = "registry+https://github.com/rust-lang/crates.io-index"
checksum = "e1ceb20f39ff7ae42f3ff9795f3986b1daad821caaa1e1732a0944103a5a1a66"
dependencies = [
 "kernel32-sys",
 "skeptic",
 "winapi 0.2.8",
]

[[package]]
name = "log"
version = "0.3.9"
source = "registry+https://github.com/rust-lang/crates.io-index"
checksum = "e19e8d5c34a3e0e2223db8e060f9e8264aeeb5c5fc64a4ee9965c062211c024b"
dependencies = [
 "log 0.4.17",
]

[[package]]
name = "log"
version = "0.4.17"
source = "registry+https://github.com/rust-lang/crates.io-index"
checksum = "abb12e687cfb44aa40f41fc3978ef76448f9b6038cad6aef4259d3c095a2382e"
dependencies = [
 "cfg-if",
]

[[package]]
name = "maybe-uninit"
version = "2.0.0"
source = "registry+https://github.com/rust-lang/crates.io-index"
checksum = "60302e4db3a61da70c0cb7991976248362f30319e88850c487b9b95bbf059e00"

[[package]]
name = "memchr"
version = "2.5.0"
source = "registry+https://github.com/rust-lang/crates.io-index"
checksum = "2dffe52ecf27772e601905b7522cb4ef790d2cc203488bbd0e2fe85fcb74566d"

[[package]]
name = "multimap"
version = "0.4.0"
source = "registry+https://github.com/rust-lang/crates.io-index"
checksum = "2eb04b9f127583ed176e163fb9ec6f3e793b87e21deedd5734a69386a18a0151"
dependencies = [
 "serde",
]

[[package]]
name = "num-bigint"
version = "0.2.0"
source = "registry+https://github.com/rust-lang/crates.io-index"
checksum = "3eceac7784c5dc97c2d6edf30259b4e153e6e2b42b3c85e9a6e9f45d06caef6e"
dependencies = [
 "num-integer",
 "num-traits",
]

[[package]]
name = "num-integer"
version = "0.1.39"
source = "registry+https://github.com/rust-lang/crates.io-index"
checksum = "e83d528d2677f0518c570baf2b7abdcf0cd2d248860b68507bdcb3e91d4c0cea"
dependencies = [
 "num-traits",
]

[[package]]
name = "num-traits"
version = "0.2.5"
source = "registry+https://github.com/rust-lang/crates.io-index"
checksum = "630de1ef5cc79d0cdd78b7e33b81f083cbfe90de0f4b2b2f07f905867c70e9fe"

[[package]]
name = "num_cpus"
version = "1.15.0"
source = "registry+https://github.com/rust-lang/crates.io-index"
checksum = "0fac9e2da13b5eb447a6ce3d392f23a29d8694bff781bf03a16cd9ac8697593b"
dependencies = [
 "hermit-abi",
 "libc",
]

[[package]]
name = "owning_ref"
version = "0.3.3"
source = "registry+https://github.com/rust-lang/crates.io-index"
checksum = "cdf84f41639e037b484f93433aa3897863b561ed65c6e59c7073d7c561710f37"
dependencies = [
 "stable_deref_trait",
]

[[package]]
name = "parity-rocksdb"
version = "0.5.1"
source = "registry+https://github.com/rust-lang/crates.io-index"
checksum = "2d17caf6640e24b70242f3f48615e3f0764f98871e8c7aea25584e29833eb5a8"
dependencies = [
 "libc",
 "local-encoding",
 "parity-rocksdb-sys",
]

[[package]]
name = "parity-rocksdb-sys"
version = "0.5.6"
source = "registry+https://github.com/rust-lang/crates.io-index"
checksum = "9581e6b8c63f3808500638372ee56faaaffb57c4d349974bff591606b94d5f57"
dependencies = [
 "cmake",
 "libc",
 "local-encoding",
 "parity-snappy-sys",
]

[[package]]
name = "parity-snappy-sys"
version = "0.1.2"
source = "registry+https://github.com/rust-lang/crates.io-index"
checksum = "1a413d51e5e1927320c9de992998e4a279dffb8c8a7363570198bd8383e66f1b"
dependencies = [
 "cmake",
 "libc",
]

[[package]]
name = "parking_lot"
version = "0.5.5"
source = "registry+https://github.com/rust-lang/crates.io-index"
checksum = "d4d05f1349491390b1730afba60bb20d55761bef489a954546b58b4b34e1e2ac"
dependencies = [
 "owning_ref",
 "parking_lot_core",
]

[[package]]
name = "parking_lot_core"
version = "0.2.14"
source = "registry+https://github.com/rust-lang/crates.io-index"
checksum = "4db1a8ccf734a7bce794cc19b3df06ed87ab2f3907036b693c68f56b4d4537fa"
dependencies = [
 "libc",
 "rand",
 "smallvec",
 "winapi 0.3.5",
]

[[package]]
name = "patricia-trie"
version = "0.1.0"
dependencies = [
 "acore-bytes",
 "aion-types",
 "blake2b",
 "db",
 "elastic-array",
 "log 0.3.9",
 "rlp",
]

[[package]]
name = "plain_hasher"
version = "0.1.0"
dependencies = [
 "aion-types",
 "crunchy",
]

[[package]]
name = "proc-macro2"
version = "0.4.13"
source = "registry+https://github.com/rust-lang/crates.io-index"
checksum = "ee5697238f0d893c7f0ecc59c0999f18d2af85e424de441178bcacc9f9e6cf67"
dependencies = [
 "unicode-xid",
]

[[package]]
name = "pulldown-cmark"
version = "0.0.3"
source = "registry+https://github.com/rust-lang/crates.io-index"
checksum = "8361e81576d2e02643b04950e487ec172b687180da65c731c03cf336784e6c07"
dependencies = [
 "getopts",
]

[[package]]
name = "quote"
version = "0.6.6"
source = "registry+https://github.com/rust-lang/crates.io-index"
checksum = "ed7d650913520df631972f21e104a4fa2f9c82a14afc65d17b388a2e29731e7c"
dependencies = [
 "proc-macro2",
]

[[package]]
name = "rand"
version = "0.4.6"
source = "registry+https://github.com/rust-lang/crates.io-index"
checksum = "552840b97013b1a26992c11eac34bdd778e464601a4c2054b5f0bff7c6761293"
dependencies = [
 "fuchsia-cprng",
 "libc",
 "rand_core 0.3.1",
 "rdrand",
 "winapi 0.3.5",
]

[[package]]
name = "rand_core"
version = "0.3.1"
source = "registry+https://github.com/rust-lang/crates.io-index"
checksum = "7a6fdeb83b075e8266dcc8762c22776f6877a63111121f5f8c7411e5be7eed4b"
dependencies = [
 "rand_core 0.4.2",
]

[[package]]
name = "rand_core"
version = "0.4.2"
source = "registry+https://github.com/rust-lang/crates.io-index"
checksum = "9c33a3c44ca05fa6f1807d8e6743f3824e8509beca625669633be0acbdf509dc"

[[package]]
name = "rdrand"
version = "0.4.0"
source = "registry+https://github.com/rust-lang/crates.io-index"
checksum = "678054eb77286b51581ba43620cc911abf02758c91f93f479767aed0f90458b2"
dependencies = [
 "rand_core 0.3.1",
]

[[package]]
name = "regex"
version = "0.2.11"
source = "registry+https://github.com/rust-lang/crates.io-index"
checksum = "9329abc99e39129fcceabd24cf5d85b4671ef7c29c50e972bc5afe32438ec384"
dependencies = [
 "aho-corasick",
 "memchr",
 "regex-syntax",
 "thread_local",
 "utf8-ranges",
]

[[package]]
name = "regex-syntax"
version = "0.5.6"
source = "registry+https://github.com/rust-lang/crates.io-index"
checksum = "7d707a4fa2637f2dca2ef9fd02225ec7661fe01a53623c1e6515b6916511f7a7"
dependencies = [
 "ucd-util",
]

[[package]]
name = "remove_dir_all"
version = "0.5.3"
source = "registry+https://github.com/rust-lang/crates.io-index"
checksum = "3acd125665422973a33ac9d3dd2df85edad0f4ae9b00dafb1a05e43a9f5ef8e7"
dependencies = [
 "winapi 0.3.5",
]

[[package]]
name = "rlp"
version = "0.2.1"
dependencies = [
 "aion-types",
 "byteorder",
 "elastic-array",
 "ethbloom",
 "rustc-hex 1.0.0",
]

[[package]]
name = "rustc-hex"
version = "1.0.0"
source = "registry+https://github.com/rust-lang/crates.io-index"
checksum = "0ceb8ce7a5e520de349e1fa172baeba4a9e8d5ef06c47471863530bc4972ee1e"

[[package]]
name = "rustc-hex"
version = "2.1.0"
source = "registry+https://github.com/rust-lang/crates.io-index"
checksum = "3e75f6a532d0fd9f7f13144f392b6ad56a32696bfcd9c78f797f16bbb6f072d6"

[[package]]
name = "rustc_version"
version = "0.2.3"
source = "registry+https://github.com/rust-lang/crates.io-index"
checksum = "138e3e0acb6c9fb258b19b67cb8abd63c00679d2851805ea151465464fe9030a"
dependencies = [
 "semver",
]

[[package]]
name = "ryu"
version = "0.2.4"
source = "registry+https://github.com/rust-lang/crates.io-index"
checksum = "fd0568787116e13c652377b6846f5931454a363a8fdf8ae50463ee40935b278b"

[[package]]
name = "semver"
version = "0.9.0"
source = "registry+https://github.com/rust-lang/crates.io-index"
checksum = "1d7eb9ef2c18661902cc47e535f9bc51b78acd254da71d375c2f6720d9a40403"
dependencies = [
 "semver-parser",
]

[[package]]
name = "semver-parser"
version = "0.7.0"
source = "registry+https://github.com/rust-lang/crates.io-index"
checksum = "388a1df253eca08550bef6c72392cfe7c30914bf41df5269b68cbd6ff8f570a3"

[[package]]
name = "serde"
version = "1.0.72"
source = "registry+https://github.com/rust-lang/crates.io-index"
checksum = "98b72cb11d2f90a50789254281aac9211092fd1ba87e067b45c94652fffe1cf1"

[[package]]
name = "serde_derive"
version = "1.0.72"
source = "registry+https://github.com/rust-lang/crates.io-index"
checksum = "ccb40724ad173e215530b5217ffba55cdf34ef811e90023a43c948c5b04dc41f"
dependencies = [
 "proc-macro2",
 "quote",
 "syn",
]

[[package]]
name = "serde_json"
version = "1.0.26"
source = "registry+https://github.com/rust-lang/crates.io-index"
checksum = "44dd2cfde475037451fa99b7e5df77aa3cfd1536575fa8e7a538ab36dcde49ae"
dependencies = [
 "itoa",
 "ryu",
 "serde",
]

[[package]]
name = "skeptic"
version = "0.4.0"
source = "registry+https://github.com/rust-lang/crates.io-index"
checksum = "24ebf8a06f5f8bae61ae5bbc7af7aac4ef6907ae975130faba1199e5fe82256a"
dependencies = [
 "pulldown-cmark",
 "tempdir",
]

[[package]]
name = "smallvec"
version = "0.6.14"
source = "registry+https://github.com/rust-lang/crates.io-index"
checksum = "b97fcaeba89edba30f044a10c6a3cc39df9c3f17d7cd829dd1446cab35f890e0"
dependencies = [
 "maybe-uninit",
]

[[package]]
name = "stable_deref_trait"
version = "1.2.0"
source = "registry+https://github.com/rust-lang/crates.io-index"
checksum = "a8f112729512f8e442d81f95a8a7ddf2b7c6b8a1a6f509a95864142b30cab2d3"

[[package]]
name = "syn"
version = "0.14.8"
source = "registry+https://github.com/rust-lang/crates.io-index"
checksum = "b7bfcbb0c068d0f642a0ffbd5c604965a360a61f99e8add013cef23a838614f3"
dependencies = [
 "proc-macro2",
 "quote",
 "unicode-xid",
]

[[package]]
name = "tempdir"
version = "0.3.7"
source = "registry+https://github.com/rust-lang/crates.io-index"
checksum = "15f2b5fb00ccdf689e0149d1b1b3c03fead81c2b37735d812fa8bddbbf41b6d8"
dependencies = [
 "rand",
 "remove_dir_all",
]

[[package]]
name = "thread_local"
version = "0.3.6"
source = "registry+https://github.com/rust-lang/crates.io-index"
checksum = "c6b53e329000edc2b34dbe8545fd20e55a333362d0a321909685a19bd28c3f1b"
dependencies = [
 "lazy_static",
]

[[package]]
name = "time"
version = "0.2.0"
source = "registry+https://github.com/rust-lang/crates.io-index"
checksum = "fcc26de0a81a07c8352b548977862908fa9863e0e6e4f0eb36b2a9f4f8845585"

[[package]]
name = "ucd-util"
version = "0.1.10"
source = "registry+https://github.com/rust-lang/crates.io-index"
checksum = "abd2fc5d32b590614af8b0a20d837f32eca055edd0bbead59a9cfe80858be003"

[[package]]
name = "uint"
version = "0.1.2"
source = "registry+https://github.com/rust-lang/crates.io-index"
checksum = "53a4340c35703f926ec365c6797bb4a7a10bb6b9affe29ca385c9d804401f5e3"
dependencies = [
 "byteorder",
 "heapsize",
 "rustc-hex 1.0.0",
 "rustc_version",
]

[[package]]
name = "unicode-width"
version = "0.1.10"
source = "registry+https://github.com/rust-lang/crates.io-index"
checksum = "c0edd1e5b14653f783770bce4a4dabb4a5108a5370a5f5d8cfe8710c361f6c8b"

[[package]]
name = "unicode-xid"
version = "0.1.0"
source = "registry+https://github.com/rust-lang/crates.io-index"
checksum = "fc72304796d0818e357ead4e000d19c9c174ab23dc11093ac919054d20a6a7fc"

[[package]]
name = "utf8-ranges"
version = "1.0.5"
source = "registry+https://github.com/rust-lang/crates.io-index"
checksum = "7fcfc827f90e53a02eaef5e535ee14266c1d569214c6aa70133a624d8a3164ba"

[[package]]
name = "vm_common"
version = "0.1.0"
dependencies = [
 "acore-bytes",
 "aion-types",
 "ajson",
 "blake2b",
 "rlp",
]

[[package]]
name = "winapi"
version = "0.2.8"
source = "registry+https://github.com/rust-lang/crates.io-index"
checksum = "167dc9d6949a9b857f3451275e911c3f44255842c1f7a76f33c55103a909087a"

[[package]]
name = "winapi"
version = "0.3.5"
source = "registry+https://github.com/rust-lang/crates.io-index"
checksum = "773ef9dcc5f24b7d850d0ff101e542ff24c3b090a9768e03ff889fdef41f00fd"
dependencies = [
 "winapi-i686-pc-windows-gnu",
 "winapi-x86_64-pc-windows-gnu",
]

[[package]]
name = "winapi-build"
version = "0.1.1"
source = "registry+https://github.com/rust-lang/crates.io-index"
checksum = "2d315eee3b34aca4797b2da6b13ed88266e6d612562a0c46390af8299fc699bc"

[[package]]
name = "winapi-i686-pc-windows-gnu"
version = "0.4.0"
source = "registry+https://github.com/rust-lang/crates.io-index"
checksum = "ac3b87c63620426dd9b991e5ce0329eff545bccbbb34f3be09ff6fb6ab51b7b6"

[[package]]
name = "winapi-x86_64-pc-windows-gnu"
version = "0.4.0"
source = "registry+https://github.com/rust-lang/crates.io-index"
checksum = "712e227841d057c1ee1cd2fb22fa7e5a5461ae8e48fa2ca79ec42cfc1931183f"
